
Microsoft Visual Studio Solution File, Format Version 12.00
# Visual Studio Version 17
VisualStudioVersion = 17.7.34003.232
MinimumVisualStudioVersion = 10.0.40219.1
Project("{FAE04EC0-301F-11D3-BF4B-00C04F79EFBC}") = "ProjectOne", "ProjectOne\ProjectOne.csproj", "{8EB4E8CE-E89F-4514-92E2-6DE34083C6CD}"
EndProject
Global
	GlobalSection(SolutionConfigurationPlatforms) = preSolution
		Debug|Any CPU = Debug|Any CPU
		Release|Any CPU = Release|Any CPU
	EndGlobalSection
	GlobalSection(ProjectConfigurationPlatforms) = postSolution
		{8EB4E8CE-E89F-4514-92E2-6DE34083C6CD}.Debug|Any CPU.ActiveCfg = Debug|Any CPU
		{8EB4E8CE-E89F-4514-92E2-6DE34083C6CD}.Debug|Any CPU.Build.0 = Debug|Any CPU
		{8EB4E8CE-E89F-4514-92E2-6DE34083C6CD}.Release|Any CPU.ActiveCfg = Release|Any CPU
		{8EB4E8CE-E89F-4514-92E2-6DE34083C6CD}.Release|Any CPU.Build.0 = Release|Any CPU
	EndGlobalSection
	GlobalSection(SolutionProperties) = preSolution
		HideSolutionNode = FALSE
	EndGlobalSection
	GlobalSection(ExtensibilityGlobals) = postSolution
		SolutionGuid = {017DE775-AA59-45D0-A80F-B3DA448BC65D}
	EndGlobalSection
EndGlobal
